
Microsoft Visual Studio Solution File, Format Version 12.00
# Visual Studio Version 17
VisualStudioVersion = 17.4.33213.308
MinimumVisualStudioVersion = 10.0.40219.1
Project("{9A19103F-16F7-4668-BE54-9A1E7A4F7556}") = "API-Productos", "APICORE\API-Productos.csproj", "{B2850D8B-5788-4555-80EB-C5D9DCFDDDEE}"
EndProject
Global
	GlobalSection(SolutionConfigurationPlatforms) = preSolution
		Debug|Any CPU = Debug|Any CPU
		Release|Any CPU = Release|Any CPU
	EndGlobalSection
	GlobalSection(ProjectConfigurationPlatforms) = postSolution
		{B2850D8B-5788-4555-80EB-C5D9DCFDDDEE}.Debug|Any CPU.ActiveCfg = Debug|Any CPU
		{B2850D8B-5788-4555-80EB-C5D9DCFDDDEE}.Debug|Any CPU.Build.0 = Debug|Any CPU
		{B2850D8B-5788-4555-80EB-C5D9DCFDDDEE}.Release|Any CPU.ActiveCfg = Release|Any CPU
		{B2850D8B-5788-4555-80EB-C5D9DCFDDDEE}.Release|Any CPU.Build.0 = Release|Any CPU
	EndGlobalSection
	GlobalSection(SolutionProperties) = preSolution
		HideSolutionNode = FALSE
	EndGlobalSection
	GlobalSection(ExtensibilityGlobals) = postSolution
		SolutionGuid = {390ED10D-F691-4357-9CCA-17E836A49F2E}
	EndGlobalSection
EndGlobal
